# THIS IS AN AUTOGENERATED FILE. DO NOT EDIT THIS FILE DIRECTLY.
# yarn lockfile v1


jqlite@^0.2.42:
  version "0.2.42"
  resolved "https://registry.yarnpkg.com/jqlite/-/jqlite-0.2.42.tgz#b0755f829e29586ddc0eb8e938a9a3768d5c6074"

lodash-es@^4.17.4:
  version "4.17.4"
  resolved "https://registry.yarnpkg.com/lodash-es/-/lodash-es-4.17.4.tgz#dcc1d7552e150a0640073ba9cb31d70f032950e7"
